
Microsoft Visual Studio Solution File, Format Version 12.00
# Visual Studio Version 16
VisualStudioVersion = 16.0.31624.102
MinimumVisualStudioVersion = 10.0.40219.1
Project("{FAE04EC0-301F-11D3-BF4B-00C04F79EFBC}") = "Homework1-Part1", "Homework1-Part1\Homework1-Part1.csproj", "{A8C4BA60-D2FD-4510-8B18-3D93102D4FC7}"
EndProject
Global
	GlobalSection(SolutionConfigurationPlatforms) = preSolution
		Debug|Any CPU = Debug|Any CPU
		Release|Any CPU = Release|Any CPU
	EndGlobalSection
	GlobalSection(ProjectConfigurationPlatforms) = postSolution
		{A8C4BA60-D2FD-4510-8B18-3D93102D4FC7}.Debug|Any CPU.ActiveCfg = Debug|Any CPU
		{A8C4BA60-D2FD-4510-8B18-3D93102D4FC7}.Debug|Any CPU.Build.0 = Debug|Any CPU
		{A8C4BA60-D2FD-4510-8B18-3D93102D4FC7}.Release|Any CPU.ActiveCfg = Release|Any CPU
		{A8C4BA60-D2FD-4510-8B18-3D93102D4FC7}.Release|Any CPU.Build.0 = Release|Any CPU
	EndGlobalSection
	GlobalSection(SolutionProperties) = preSolution
		HideSolutionNode = FALSE
	EndGlobalSection
	GlobalSection(ExtensibilityGlobals) = postSolution
		SolutionGuid = {E837609A-F97A-4182-90F3-4AA4711E4B1B}
	EndGlobalSection
EndGlobal
